
Microsoft Visual Studio Solution File, Format Version 12.00
# Visual Studio Version 17
VisualStudioVersion = 17.0.31919.166
MinimumVisualStudioVersion = 10.0.40219.1
Project("{FAE04EC0-301F-11D3-BF4B-00C04F79EFBC}") = "ApartmentManagement", "ApartmentManagement\ApartmentManagement.csproj", "{ED894202-29BD-434E-9BE3-04A1CDA73750}"
EndProject
Global
	GlobalSection(SolutionConfigurationPlatforms) = preSolution
		Debug|Any CPU = Debug|Any CPU
		Release|Any CPU = Release|Any CPU
	EndGlobalSection
	GlobalSection(ProjectConfigurationPlatforms) = postSolution
		{ED894202-29BD-434E-9BE3-04A1CDA73750}.Debug|Any CPU.ActiveCfg = Debug|Any CPU
		{ED894202-29BD-434E-9BE3-04A1CDA73750}.Debug|Any CPU.Build.0 = Debug|Any CPU
		{ED894202-29BD-434E-9BE3-04A1CDA73750}.Release|Any CPU.ActiveCfg = Release|Any CPU
		{ED894202-29BD-434E-9BE3-04A1CDA73750}.Release|Any CPU.Build.0 = Release|Any CPU
	EndGlobalSection
	GlobalSection(SolutionProperties) = preSolution
		HideSolutionNode = FALSE
	EndGlobalSection
	GlobalSection(ExtensibilityGlobals) = postSolution
		SolutionGuid = {8CF862E1-25FC-4DA3-81D6-5379A6884B8E}
	EndGlobalSection
EndGlobal
